// !$*UTF8*$!
{
	archiveVersion = 1;
	classes = {
	};
	objectVersion = 48;
	objects = {

/* Begin PBXBuildFile section */
		CDEE874F2283F5E900CF4A95 /* AppDelegate.swift in Sources */ = {isa = PBXBuildFile; fileRef = CDEE874E2283F5E900CF4A95 /* AppDelegate.swift */; };
		CDEE87512283F5E900CF4A95 /* ViewController.swift in Sources */ = {isa = PBXBuildFile; fileRef = CDEE87502283F5E900CF4A95 /* ViewController.swift */; };
		CDEE87542283F5E900CF4A95 /* Main.storyboard in Resources */ = {isa = PBXBuildFile; fileRef = CDEE87522283F5E900CF4A95 /* Main.storyboard */; };
		CDEE87562283F5E900CF4A95 /* Assets.xcassets in Resources */ = {isa = PBXBuildFile; fileRef = CDEE87552283F5E900CF4A95 /* Assets.xcassets */; };
		CDEE87592283F5E900CF4A95 /* LaunchScreen.storyboard in Resources */ = {isa = PBXBuildFile; fileRef = CDEE87572283F5E900CF4A95 /* LaunchScreen.storyboard */; };
		CDEE87642283F5E900CF4A95 /* TableView_Test_02Tests.swift in Sources */ = {isa = PBXBuildFile; fileRef = CDEE87632283F5E900CF4A95 /* TableView_Test_02Tests.swift */; };
		CDEE876F2283F5E900CF4A95 /* TableView_Test_02UITests.swift in Sources */ = {isa = PBXBuildFile; fileRef = CDEE876E2283F5E900CF4A95 /* TableView_Test_02UITests.swift */; };
/* End PBXBuildFile section */

/* Begin PBXContainerItemProxy section */
		CDEE87602283F5E900CF4A95 /* PBXContainerItemProxy */ = {
			isa = PBXContainerItemProxy;
			containerPortal = CDEE87432283F5E900CF4A95 /* Project object */;
			proxyType = 1;
			remoteGlobalIDString = CDEE874A2283F5E900CF4A95;
			remoteInfo = "TableView Test 02";
		};
		CDEE876B2283F5E900CF4A95 /* PBXContainerItemProxy */ = {
			isa = PBXContainerItemProxy;
			containerPortal = CDEE87432283F5E900CF4A95 /* Project object */;
			proxyType = 1;
			remoteGlobalIDString = CDEE874A2283F5E900CF4A95;
			remoteInfo = "TableView Test 02";
		};
/* End PBXContainerItemProxy section */

/* Begin PBXFileReference section */
		CDEE874B2283F5E900CF4A95 /* TableView Test 02.app */ = {isa = PBXFileReference; explicitFileType = wrapper.application; includeInIndex = 0; path = "TableView Test 02.app"; sourceTree = BUILT_PRODUCTS_DIR; };
		CDEE874E2283F5E900CF4A95 /* AppDelegate.swift */ = {isa = PBXFileReference; lastKnownFileType = sourcecode.swift; path = AppDelegate.swift; sourceTree = "<group>"; };
		CDEE87502283F5E900CF4A95 /* ViewController.swift */ = {isa = PBXFileReference; lastKnownFileType = sourcecode.swift; path = ViewController.swift; sourceTree = "<group>"; };
		CDEE87532283F5E900CF4A95 /* Base */ = {isa = PBXFileReference; lastKnownFileType = file.storyboard; name = Base; path = Base.lproj/Main.storyboard; sourceTree = "<group>"; };
		CDEE87552283F5E900CF4A95 /* Assets.xcassets */ = {isa = PBXFileReference; lastKnownFileType = folder.assetcatalog; path = Assets.xcassets; sourceTree = "<group>"; };
		CDEE87582283F5E900CF4A95 /* Base */ = {isa = PBXFileReference; lastKnownFileType = file.storyboard; name = Base; path = Base.lproj/LaunchScreen.storyboard; sourceTree = "<group>"; };
		CDEE875A2283F5E900CF4A95 /* Info.plist */ = {isa = PBXFileReference; lastKnownFileType = text.plist.xml; path = Info.plist; sourceTree = "<group>"; };
		CDEE875F2283F5E900CF4A95 /* TableView Test 02Tests.xctest */ = {isa = PBXFileReference; explicitFileType = wrapper.cfbundle; includeInIndex = 0; path = "TableView Test 02Tests.xctest"; sourceTree = BUILT_PRODUCTS_DIR; };
		CDEE87632283F5E900CF4A95 /* TableView_Test_02Tests.swift */ = {isa = PBXFileReference; lastKnownFileType = sourcecode.swift; path = TableView_Test_02Tests.swift; sourceTree = "<group>"; };
		CDEE87652283F5E900CF4A95 /* Info.plist */ = {isa = PBXFileReference; lastKnownFileType = text.plist.xml; path = Info.plist; sourceTree = "<group>"; };
		CDEE876A2283F5E900CF4A95 /* TableView Test 02UITests.xctest */ = {isa = PBXFileReference; explicitFileType = wrapper.cfbundle; includeInIndex = 0; path = "TableView Test 02UITests.xctest"; sourceTree = BUILT_PRODUCTS_DIR; };
		CDEE876E2283F5E900CF4A95 /* TableView_Test_02UITests.swift */ = {isa = PBXFileReference; lastKnownFileType = sourcecode.swift; path = TableView_Test_02UITests.swift; sourceTree = "<group>"; };
		CDEE87702283F5E900CF4A95 /* Info.plist */ = {isa = PBXFileReference; lastKnownFileType = text.plist.xml; path = Info.plist; sourceTree = "<group>"; };
/* End PBXFileReference section */

/* Begin PBXFrameworksBuildPhase section */
		CDEE87482283F5E900CF4A95 /* Frameworks */ = {
			isa = PBXFrameworksBuildPhase;
			buildActionMask = 2147483647;
			files = (
			);
			runOnlyForDeploymentPostprocessing = 0;
		};
		CDEE875C2283F5E900CF4A95 /* Frameworks */ = {
			isa = PBXFrameworksBuildPhase;
			buildActionMask = 2147483647;
			files = (
			);
			runOnlyForDeploymentPostprocessing = 0;
		};
		CDEE87672283F5E900CF4A95 /* Frameworks */ = {
			isa = PBXFrameworksBuildPhase;
			buildActionMask = 2147483647;
			files = (
			);
			runOnlyForDeploymentPostprocessing = 0;
		};
/* End PBXFrameworksBuildPhase section */

/* Begin PBXGroup section */
		CDEE87422283F5E900CF4A95 = {
			isa = PBXGroup;
			children = (
				CDEE874D2283F5E900CF4A95 /* TableView Test 02 */,
				CDEE87622283F5E900CF4A95 /* TableView Test 02Tests */,
				CDEE876D2283F5E900CF4A95 /* TableView Test 02UITests */,
				CDEE874C2283F5E900CF4A95 /* Products */,
			);
			sourceTree = "<group>";
		};
		CDEE874C2283F5E900CF4A95 /* Products */ = {
			isa = PBXGroup;
			children = (
				CDEE874B2283F5E900CF4A95 /* TableView Test 02.app */,
				CDEE875F2283F5E900CF4A95 /* TableView Test 02Tests.xctest */,
				CDEE876A2283F5E900CF4A95 /* TableView Test 02UITests.xctest */,
			);
			name = Products;
			sourceTree = "<group>";
		};
		CDEE874D2283F5E900CF4A95 /* TableView Test 02 */ = {
			isa = PBXGroup;
			children = (
				CDEE874E2283F5E900CF4A95 /* AppDelegate.swift */,
				CDEE87502283F5E900CF4A95 /* ViewController.swift */,
				CDEE87522283F5E900CF4A95 /* Main.storyboard */,
				CDEE87552283F5E900CF4A95 /* Assets.xcassets */,
				CDEE87572283F5E900CF4A95 /* LaunchScreen.storyboard */,
				CDEE875A2283F5E900CF4A95 /* Info.plist */,
			);
			path = "TableView Test 02";
			sourceTree = "<group>";
		};
		CDEE87622283F5E900CF4A95 /* TableView Test 02Tests */ = {
			isa = PBXGroup;
			children = (
				CDEE87632283F5E900CF4A95 /* TableView_Test_02Tests.swift */,
				CDEE87652283F5E900CF4A95 /* Info.plist */,
			);
			path = "TableView Test 02Tests";
			sourceTree = "<group>";
		};
		CDEE876D2283F5E900CF4A95 /* TableView Test 02UITests */ = {
			isa = PBXGroup;
			children = (
				CDEE876E2283F5E900CF4A95 /* TableView_Test_02UITests.swift */,
				CDEE87702283F5E900CF4A95 /* Info.plist */,
			);
			path = "TableView Test 02UITests";
			sourceTree = "<group>";
		};
/* End PBXGroup section */

/* Begin PBXNativeTarget section */
		CDEE874A2283F5E900CF4A95 /* TableView Test 02 */ = {
			isa = PBXNativeTarget;
			buildConfigurationList = CDEE87732283F5E900CF4A95 /* Build configuration list for PBXNativeTarget "TableView Test 02" */;
			buildPhases = (
				CDEE87472283F5E900CF4A95 /* Sources */,
				CDEE87482283F5E900CF4A95 /* Frameworks */,
				CDEE87492283F5E900CF4A95 /* Resources */,
			);
			buildRules = (
			);
			dependencies = (
			);
			name = "TableView Test 02";
			productName = "TableView Test 02";
			productReference = CDEE874B2283F5E900CF4A95 /* TableView Test 02.app */;
			productType = "com.apple.product-type.application";
		};
		CDEE875E2283F5E900CF4A95 /* TableView Test 02Tests */ = {
			isa = PBXNativeTarget;
			buildConfigurationList = CDEE87762283F5E900CF4A95 /* Build configuration list for PBXNativeTarget "TableView Test 02Tests" */;
			buildPhases = (
				CDEE875B2283F5E900CF4A95 /* Sources */,
				CDEE875C2283F5E900CF4A95 /* Frameworks */,
				CDEE875D2283F5E900CF4A95 /* Resources */,
			);
			buildRules = (
			);
			dependencies = (
				CDEE87612283F5E900CF4A95 /* PBXTargetDependency */,
			);
			name = "TableView Test 02Tests";
			productName = "TableView Test 02Tests";
			productReference = CDEE875F2283F5E900CF4A95 /* TableView Test 02Tests.xctest */;
			productType = "com.apple.product-type.bundle.unit-test";
		};
		CDEE87692283F5E900CF4A95 /* TableView Test 02UITests */ = {
			isa = PBXNativeTarget;
			buildConfigurationList = CDEE87792283F5E900CF4A95 /* Build configuration list for PBXNativeTarget "TableView Test 02UITests" */;
			buildPhases = (
				CDEE87662283F5E900CF4A95 /* Sources */,
				CDEE87672283F5E900CF4A95 /* Frameworks */,
				CDEE87682283F5E900CF4A95 /* Resources */,
			);
			buildRules = (
			);
			dependencies = (
				CDEE876C2283F5E900CF4A95 /* PBXTargetDependency */,
			);
			name = "TableView Test 02UITests";
			productName = "TableView Test 02UITests";
			productReference = CDEE876A2283F5E900CF4A95 /* TableView Test 02UITests.xctest */;
			productType = "com.apple.product-type.bundle.ui-testing";
		};
/* End PBXNativeTarget section */

/* Begin PBXProject section */
		CDEE87432283F5E900CF4A95 /* Project object */ = {
			isa = PBXProject;
			attributes = {
				LastSwiftUpdateCheck = 0920;
				LastUpgradeCheck = 0920;
				ORGANIZATIONNAME = D7703_21;
				TargetAttributes = {
					CDEE874A2283F5E900CF4A95 = {
						CreatedOnToolsVersion = 9.2;
						ProvisioningStyle = Automatic;
					};
					CDEE875E2283F5E900CF4A95 = {
						CreatedOnToolsVersion = 9.2;
						ProvisioningStyle = Automatic;
						TestTargetID = CDEE874A2283F5E900CF4A95;
					};
					CDEE87692283F5E900CF4A95 = {
						CreatedOnToolsVersion = 9.2;
						ProvisioningStyle = Automatic;
						TestTargetID = CDEE874A2283F5E900CF4A95;
					};
				};
			};
			buildConfigurationList = CDEE87462283F5E900CF4A95 /* Build configuration list for PBXProject "TableView Test 02" */;
			compatibilityVersion = "Xcode 8.0";
			developmentRegion = en;
			hasScannedForEncodings = 0;
			knownRegions = (
				en,
				Base,
			);
			mainGroup = CDEE87422283F5E900CF4A95;
			productRefGroup = CDEE874C2283F5E900CF4A95 /* Products */;
			projectDirPath = "";
			projectRoot = "";
			targets = (
				CDEE874A2283F5E900CF4A95 /* TableView Test 02 */,
				CDEE875E2283F5E900CF4A95 /* TableView Test 02Tests */,
				CDEE87692283F5E900CF4A95 /* TableView Test 02UITests */,
			);
		};
/* End PBXProject section */

/* Begin PBXResourcesBuildPhase section */
		CDEE87492283F5E900CF4A95 /* Resources */ = {
			isa = PBXResourcesBuildPhase;
			buildActionMask = 2147483647;
			files = (
				CDEE87592283F5E900CF4A95 /* LaunchScreen.storyboard in Resources */,
				CDEE87562283F5E900CF4A95 /* Assets.xcassets in Resources */,
				CDEE87542283F5E900CF4A95 /* Main.storyboard in Resources */,
			);
			runOnlyForDeploymentPostprocessing = 0;
		};
		CDEE875D2283F5E900CF4A95 /* Resources */ = {
			isa = PBXResourcesBuildPhase;
			buildActionMask = 2147483647;
			files = (
			);
			runOnlyForDeploymentPostprocessing = 0;
		};
		CDEE87682283F5E900CF4A95 /* Resources */ = {
			isa = PBXResourcesBuildPhase;
			buildActionMask = 2147483647;
			files = (
			);
			runOnlyForDeploymentPostprocessing = 0;
		};
/* End PBXResourcesBuildPhase section */

/* Begin PBXSourcesBuildPhase section */
		CDEE87472283F5E900CF4A95 /* Sources */ = {
			isa = PBXSourcesBuildPhase;
			buildActionMask = 2147483647;
			files = (
				CDEE87512283F5E900CF4A95 /* ViewController.swift in Sources */,
				CDEE874F2283F5E900CF4A95 /* AppDelegate.swift in Sources */,
			);
			runOnlyForDeploymentPostprocessing = 0;
		};
		CDEE875B2283F5E900CF4A95 /* Sources */ = {
			isa = PBXSourcesBuildPhase;
			buildActionMask = 2147483647;
			files = (
				CDEE87642283F5E900CF4A95 /* TableView_Test_02Tests.swift in Sources */,
			);
			runOnlyForDeploymentPostprocessing = 0;
		};
		CDEE87662283F5E900CF4A95 /* Sources */ = {
			isa = PBXSourcesBuildPhase;
			buildActionMask = 2147483647;
			files = (
				CDEE876F2283F5E900CF4A95 /* TableView_Test_02UITests.swift in Sources */,
			);
			runOnlyForDeploymentPostprocessing = 0;
		};
/* End PBXSourcesBuildPhase section */

/* Begin PBXTargetDependency section */
		CDEE87612283F5E900CF4A95 /* PBXTargetDependency */ = {
			isa = PBXTargetDependency;
			target = CDEE874A2283F5E900CF4A95 /* TableView Test 02 */;
			targetProxy = CDEE87602283F5E900CF4A95 /* PBXContainerItemProxy */;
		};
		CDEE876C2283F5E900CF4A95 /* PBXTargetDependency */ = {
			isa = PBXTargetDependency;
			target = CDEE874A2283F5E900CF4A95 /* TableView Test 02 */;
			targetProxy = CDEE876B2283F5E900CF4A95 /* PBXContainerItemProxy */;
		};
/* End PBXTargetDependency section */

/* Begin PBXVariantGroup section */
		CDEE87522283F5E900CF4A95 /* Main.storyboard */ = {
			isa = PBXVariantGroup;
			children = (
				CDEE87532283F5E900CF4A95 /* Base */,
			);
			name = Main.storyboard;
			sourceTree = "<group>";
		};
		CDEE87572283F5E900CF4A95 /* LaunchScreen.storyboard */ = {
			isa = PBXVariantGroup;
			children = (
				CDEE87582283F5E900CF4A95 /* Base */,
			);
			name = LaunchScreen.storyboard;
			sourceTree = "<group>";
		};
/* End PBXVariantGroup section */

/* Begin XCBuildConfiguration section */
		CDEE87712283F5E900CF4A95 /* Debug */ = {
			isa = XCBuildConfiguration;
			buildSettings = {
				ALWAYS_SEARCH_USER_PATHS = NO;
				CLANG_ANALYZER_NONNULL = YES;
				CLANG_ANALYZER_NUMBER_OBJECT_CONVERSION = YES_AGGRESSIVE;
				CLANG_CXX_LANGUAGE_STANDARD = "gnu++14";
				CLANG_CXX_LIBRARY = "libc++";
				CLANG_ENABLE_MODULES = YES;
				CLANG_ENABLE_OBJC_ARC = YES;
				CLANG_WARN_BLOCK_CAPTURE_AUTORELEASING = YES;
				CLANG_WARN_BOOL_CONVERSION = YES;
				CLANG_WARN_COMMA = YES;
				CLANG_WARN_CONSTANT_CONVERSION = YES;
				CLANG_WARN_DIRECT_OBJC_ISA_USAGE = YES_ERROR;
				CLANG_WARN_DOCUMENTATION_COMMENTS = YES;
				CLANG_WARN_EMPTY_BODY = YES;
				CLANG_WARN_ENUM_CONVERSION = YES;
				CLANG_WARN_INFINITE_RECURSION = YES;
				CLANG_WARN_INT_CONVERSION = YES;
				CLANG_WARN_NON_LITERAL_NULL_CONVERSION = YES;
				CLANG_WARN_OBJC_LITERAL_CONVERSION = YES;
				CLANG_WARN_OBJC_ROOT_CLASS = YES_ERROR;
				CLANG_WARN_RANGE_LOOP_ANALYSIS = YES;
				CLANG_WARN_STRICT_PROTOTYPES = YES;
				CLANG_WARN_SUSPICIOUS_MOVE = YES;
				CLANG_WARN_UNGUARDED_AVAILABILITY = YES_AGGRESSIVE;
				CLANG_WARN_UNREACHABLE_CODE = YES;
				CLANG_WARN__DUPLICATE_METHOD_MATCH = YES;
				CODE_SIGN_IDENTITY = "iPhone Developer";
				COPY_PHASE_STRIP = NO;
				DEBUG_INFORMATION_FORMAT = dwarf;
				ENABLE_STRICT_OBJC_MSGSEND = YES;
				ENABLE_TESTABILITY = YES;
				GCC_C_LANGUAGE_STANDARD = gnu11;
				GCC_DYNAMIC_NO_PIC = NO;
				GCC_NO_COMMON_BLOCKS = YES;
				GCC_OPTIMIZATION_LEVEL = 0;
				GCC_PREPROCESSOR_DEFINITIONS = (
					"DEBUG=1",
					"$(inherited)",
				);
				GCC_WARN_64_TO_32_BIT_CONVERSION = YES;
				GCC_WARN_ABOUT_RETURN_TYPE = YES_ERROR;
				GCC_WARN_UNDECLARED_SELECTOR = YES;
				GCC_WARN_UNINITIALIZED_AUTOS = YES_AGGRESSIVE;
				GCC_WARN_UNUSED_FUNCTION = YES;
				GCC_WARN_UNUSED_VARIABLE = YES;
				IPHONEOS_DEPLOYMENT_TARGET = 11.2;
				MTL_ENABLE_DEBUG_INFO = YES;
				ONLY_ACTIVE_ARCH = YES;
				SDKROOT = iphoneos;
				SWIFT_ACTIVE_COMPILATION_CONDITIONS = DEBUG;
				SWIFT_OPTIMIZATION_LEVEL = "-Onone";
			};
			name = Debug;
		};
		CDEE87722283F5E900CF4A95 /* Release */ = {
			isa = XCBuildConfiguration;
			buildSettings = {
				ALWAYS_SEARCH_USER_PATHS = NO;
				CLANG_ANALYZER_NONNULL = YES;
				CLANG_ANALYZER_NUMBER_OBJECT_CONVERSION = YES_AGGRESSIVE;
				CLANG_CXX_LANGUAGE_STANDARD = "gnu++14";
				CLANG_CXX_LIBRARY = "libc++";
				CLANG_ENABLE_MODULES = YES;
				CLANG_ENABLE_OBJC_ARC = YES;
				CLANG_WARN_BLOCK_CAPTURE_AUTORELEASING = YES;
				CLANG_WARN_BOOL_CONVERSION = YES;
				CLANG_WARN_COMMA = YES;
				CLANG_WARN_CONSTANT_CONVERSION = YES;
				CLANG_WARN_DIRECT_OBJC_ISA_USAGE = YES_ERROR;
				CLANG_WARN_DOCUMENTATION_COMMENTS = YES;
				CLANG_WARN_EMPTY_BODY = YES;
				CLANG_WARN_ENUM_CONVERSION = YES;
				CLANG_WARN_INFINITE_RECURSION = YES;
				CLANG_WARN_INT_CONVERSION = YES;
				CLANG_WARN_NON_LITERAL_NULL_CONVERSION = YES;
				CLANG_WARN_OBJC_LITERAL_CONVERSION = YES;
				CLANG_WARN_OBJC_ROOT_CLASS = YES_ERROR;
				CLANG_WARN_RANGE_LOOP_ANALYSIS = YES;
				CLANG_WARN_STRICT_PROTOTYPES = YES;
				CLANG_WARN_SUSPICIOUS_MOVE = YES;
				CLANG_WARN_UNGUARDED_AVAILABILITY = YES_AGGRESSIVE;
				CLANG_WARN_UNREACHABLE_CODE = YES;
				CLANG_WARN__DUPLICATE_METHOD_MATCH = YES;
				CODE_SIGN_IDENTITY = "iPhone Developer";
				COPY_PHASE_STRIP = NO;
				DEBUG_INFORMATION_FORMAT = "dwarf-with-dsym";
				ENABLE_NS_ASSERTIONS = NO;
				ENABLE_STRICT_OBJC_MSGSEND = YES;
				GCC_C_LANGUAGE_STANDARD = gnu11;
				GCC_NO_COMMON_BLOCKS = YES;
				GCC_WARN_64_TO_32_BIT_CONVERSION = YES;
				GCC_WARN_ABOUT_RETURN_TYPE = YES_ERROR;
				GCC_WARN_UNDECLARED_SELECTOR = YES;
				GCC_WARN_UNINITIALIZED_AUTOS = YES_AGGRESSIVE;
				GCC_WARN_UNUSED_FUNCTION = YES;
				GCC_WARN_UNUSED_VARIABLE = YES;
				IPHONEOS_DEPLOYMENT_TARGET = 11.2;
				MTL_ENABLE_DEBUG_INFO = NO;
				SDKROOT = iphoneos;
				SWIFT_OPTIMIZATION_LEVEL = "-Owholemodule";
				VALIDATE_PRODUCT = YES;
			};
			name = Release;
		};
		CDEE87742283F5E900CF4A95 /* Debug */ = {
			isa = XCBuildConfiguration;
			buildSettings = {
				ASSETCATALOG_COMPILER_APPICON_NAME = AppIcon;
				CODE_SIGN_STYLE = Automatic;
				INFOPLIST_FILE = "TableView Test 02/Info.plist";
				LD_RUNPATH_SEARCH_PATHS = "$(inherited) @executable_path/Frameworks";
				PRODUCT_BUNDLE_IDENTIFIER = "-01750942.TableView-Test-02";
				PRODUCT_NAME = "$(TARGET_NAME)";
				SWIFT_VERSION = 4.0;
				TARGETED_DEVICE_FAMILY = "1,2";
			};
			name = Debug;
		};
		CDEE87752283F5E900CF4A95 /* Release */ = {
			isa = XCBuildConfiguration;
			buildSettings = {
				ASSETCATALOG_COMPILER_APPICON_NAME = AppIcon;
				CODE_SIGN_STYLE = Automatic;
				INFOPLIST_FILE = "TableView Test 02/Info.plist";
				LD_RUNPATH_SEARCH_PATHS = "$(inherited) @executable_path/Frameworks";
				PRODUCT_BUNDLE_IDENTIFIER = "-01750942.TableView-Test-02";
				PRODUCT_NAME = "$(TARGET_NAME)";
				SWIFT_VERSION = 4.0;
				TARGETED_DEVICE_FAMILY = "1,2";
			};
			name = Release;
		};
		CDEE87772283F5E900CF4A95 /* Debug */ = {
			isa = XCBuildConfiguration;
			buildSettings = {
				ALWAYS_EMBED_SWIFT_STANDARD_LIBRARIES = YES;
				BUNDLE_LOADER = "$(TEST_HOST)";
				CODE_SIGN_STYLE = Automatic;
				INFOPLIST_FILE = "TableView Test 02Tests/Info.plist";
				LD_RUNPATH_SEARCH_PATHS = "$(inherited) @executable_path/Frameworks @loader_path/Frameworks";
				PRODUCT_BUNDLE_IDENTIFIER = "-01750942.TableView-Test-02Tests";
				PRODUCT_NAME = "$(TARGET_NAME)";
				SWIFT_VERSION = 4.0;
				TARGETED_DEVICE_FAMILY = "1,2";
				TEST_HOST = "$(BUILT_PRODUCTS_DIR)/TableView Test 02.app/TableView Test 02";
			};
			name = Debug;
		};
		CDEE87782283F5E900CF4A95 /* Release */ = {
			isa = XCBuildConfiguration;
			buildSettings = {
				ALWAYS_EMBED_SWIFT_STANDARD_LIBRARIES = YES;
				BUNDLE_LOADER = "$(TEST_HOST)";
				CODE_SIGN_STYLE = Automatic;
				INFOPLIST_FILE = "TableView Test 02Tests/Info.plist";
				LD_RUNPATH_SEARCH_PATHS = "$(inherited) @executable_path/Frameworks @loader_path/Frameworks";
				PRODUCT_BUNDLE_IDENTIFIER = "-01750942.TableView-Test-02Tests";
				PRODUCT_NAME = "$(TARGET_NAME)";
				SWIFT_VERSION = 4.0;
				TARGETED_DEVICE_FAMILY = "1,2";
				TEST_HOST = "$(BUILT_PRODUCTS_DIR)/TableView Test 02.app/TableView Test 02";
			};
			name = Release;
		};
		CDEE877A2283F5E900CF4A95 /* Debug */ = {
			isa = XCBuildConfiguration;
			buildSettings = {
				ALWAYS_EMBED_SWIFT_STANDARD_LIBRARIES = YES;
				CODE_SIGN_STYLE = Automatic;
				INFOPLIST_FILE = "TableView Test 02UITests/Info.plist";
				LD_RUNPATH_SEARCH_PATHS = "$(inherited) @executable_path/Frameworks @loader_path/Frameworks";
				PRODUCT_BUNDLE_IDENTIFIER = "-01750942.TableView-Test-02UITests";
				PRODUCT_NAME = "$(TARGET_NAME)";
				SWIFT_VERSION = 4.0;
				TARGETED_DEVICE_FAMILY = "1,2";
				TEST_TARGET_NAME = "TableView Test 02";
			};
			name = Debug;
		};
		CDEE877B2283F5E900CF4A95 /* Release */ = {
			isa = XCBuildConfiguration;
			buildSettings = {
				ALWAYS_EMBED_SWIFT_STANDARD_LIBRARIES = YES;
				CODE_SIGN_STYLE = Automatic;
				INFOPLIST_FILE = "TableView Test 02UITests/Info.plist";
				LD_RUNPATH_SEARCH_PATHS = "$(inherited) @executable_path/Frameworks @loader_path/Frameworks";
				PRODUCT_BUNDLE_IDENTIFIER = "-01750942.TableView-Test-02UITests";
				PRODUCT_NAME = "$(TARGET_NAME)";
				SWIFT_VERSION = 4.0;
				TARGETED_DEVICE_FAMILY = "1,2";
				TEST_TARGET_NAME = "TableView Test 02";
			};
			name = Release;
		};
/* End XCBuildConfiguration section */

/* Begin XCConfigurationList section */
		CDEE87462283F5E900CF4A95 /* Build configuration list for PBXProject "TableView Test 02" */ = {
			isa = XCConfigurationList;
			buildConfigurations = (
				CDEE87712283F5E900CF4A95 /* Debug */,
				CDEE87722283F5E900CF4A95 /* Release */,
			);
			defaultConfigurationIsVisible = 0;
			defaultConfigurationName = Release;
		};
		CDEE87732283F5E900CF4A95 /* Build configuration list for PBXNativeTarget "TableView Test 02" */ = {
			isa = XCConfigurationList;
			buildConfigurations = (
				CDEE87742283F5E900CF4A95 /* Debug */,
				CDEE87752283F5E900CF4A95 /* Release */,
			);
			defaultConfigurationIsVisible = 0;
			defaultConfigurationName = Release;
		};
		CDEE87762283F5E900CF4A95 /* Build configuration list for PBXNativeTarget "TableView Test 02Tests" */ = {
			isa = XCConfigurationList;
			buildConfigurations = (
				CDEE87772283F5E900CF4A95 /* Debug */,
				CDEE87782283F5E900CF4A95 /* Release */,
			);
			defaultConfigurationIsVisible = 0;
			defaultConfigurationName = Release;
		};
		CDEE87792283F5E900CF4A95 /* Build configuration list for PBXNativeTarget "TableView Test 02UITests" */ = {
			isa = XCConfigurationList;
			buildConfigurations = (
				CDEE877A2283F5E900CF4A95 /* Debug */,
				CDEE877B2283F5E900CF4A95 /* Release */,
			);
			defaultConfigurationIsVisible = 0;
			defaultConfigurationName = Release;
		};
/* End XCConfigurationList section */
	};
	rootObject = CDEE87432283F5E900CF4A95 /* Project object */;
}
